
Microsoft Visual Studio Solution File, Format Version 12.00
# Visual Studio Version 17
VisualStudioVersion = 17.10.35122.118
MinimumVisualStudioVersion = 10.0.40219.1
Project("{FAE04EC0-301F-11D3-BF4B-00C04F79EFBC}") = "ReservationApiCRUD", "ReservationApiCRUD\ReservationApiCRUD.csproj", "{4B7848F8-3B26-44B7-83C3-80ACFF8FE05E}"
EndProject
Global
	GlobalSection(SolutionConfigurationPlatforms) = preSolution
		Debug|Any CPU = Debug|Any CPU
		Release|Any CPU = Release|Any CPU
	EndGlobalSection
	GlobalSection(ProjectConfigurationPlatforms) = postSolution
		{4B7848F8-3B26-44B7-83C3-80ACFF8FE05E}.Debug|Any CPU.ActiveCfg = Debug|Any CPU
		{4B7848F8-3B26-44B7-83C3-80ACFF8FE05E}.Debug|Any CPU.Build.0 = Debug|Any CPU
		{4B7848F8-3B26-44B7-83C3-80ACFF8FE05E}.Release|Any CPU.ActiveCfg = Release|Any CPU
		{4B7848F8-3B26-44B7-83C3-80ACFF8FE05E}.Release|Any CPU.Build.0 = Release|Any CPU
	EndGlobalSection
	GlobalSection(SolutionProperties) = preSolution
		HideSolutionNode = FALSE
	EndGlobalSection
	GlobalSection(ExtensibilityGlobals) = postSolution
		SolutionGuid = {D471E729-12C4-4AF5-8E15-4C0F00F59E33}
	EndGlobalSection
EndGlobal
